
Microsoft Visual Studio Solution File, Format Version 12.00
# Visual Studio Version 16
VisualStudioVersion = 16.0.31702.278
MinimumVisualStudioVersion = 10.0.40219.1
Project("{9A19103F-16F7-4668-BE54-9A1E7A4F7556}") = "NewShoreAPI", "NewShoreAPI\NewShoreAPI.csproj", "{061DB144-D16D-4D6F-A7FB-99048E9375F6}"
EndProject
Project("{9A19103F-16F7-4668-BE54-9A1E7A4F7556}") = "Business_Logic_Layer", "Business_Logic_Layer\Business_Logic_Layer.csproj", "{8BCD99E6-3972-4583-AC36-B60A3C868348}"
EndProject
Project("{9A19103F-16F7-4668-BE54-9A1E7A4F7556}") = "Data_Access_Layer", "Data_Access_Layer\Data_Access_Layer.csproj", "{EAFC5D49-A4F0-4E9C-9932-A81EF245D776}"
EndProject
Global
	GlobalSection(SolutionConfigurationPlatforms) = preSolution
		Debug|Any CPU = Debug|Any CPU
		Release|Any CPU = Release|Any CPU
	EndGlobalSection
	GlobalSection(ProjectConfigurationPlatforms) = postSolution
		{061DB144-D16D-4D6F-A7FB-99048E9375F6}.Debug|Any CPU.ActiveCfg = Debug|Any CPU
		{061DB144-D16D-4D6F-A7FB-99048E9375F6}.Debug|Any CPU.Build.0 = Debug|Any CPU
		{061DB144-D16D-4D6F-A7FB-99048E9375F6}.Release|Any CPU.ActiveCfg = Release|Any CPU
		{061DB144-D16D-4D6F-A7FB-99048E9375F6}.Release|Any CPU.Build.0 = Release|Any CPU
		{8BCD99E6-3972-4583-AC36-B60A3C868348}.Debug|Any CPU.ActiveCfg = Debug|Any CPU
		{8BCD99E6-3972-4583-AC36-B60A3C868348}.Debug|Any CPU.Build.0 = Debug|Any CPU
		{8BCD99E6-3972-4583-AC36-B60A3C868348}.Release|Any CPU.ActiveCfg = Release|Any CPU
		{8BCD99E6-3972-4583-AC36-B60A3C868348}.Release|Any CPU.Build.0 = Release|Any CPU
		{EAFC5D49-A4F0-4E9C-9932-A81EF245D776}.Debug|Any CPU.ActiveCfg = Debug|Any CPU
		{EAFC5D49-A4F0-4E9C-9932-A81EF245D776}.Debug|Any CPU.Build.0 = Debug|Any CPU
		{EAFC5D49-A4F0-4E9C-9932-A81EF245D776}.Release|Any CPU.ActiveCfg = Release|Any CPU
		{EAFC5D49-A4F0-4E9C-9932-A81EF245D776}.Release|Any CPU.Build.0 = Release|Any CPU
	EndGlobalSection
	GlobalSection(SolutionProperties) = preSolution
		HideSolutionNode = FALSE
	EndGlobalSection
	GlobalSection(ExtensibilityGlobals) = postSolution
		SolutionGuid = {44137291-30F9-430F-8EC3-E1373284E329}
	EndGlobalSection
EndGlobal
